<?xml version="1.0" encoding="utf-8"?>
<Project ToolsVersion="4.0" xmlns="http://schemas.microsoft.com/developer/msbuild/2003">
  <ItemGroup>
    <Filter Include="Source Files">
      <UniqueIdentifier> {F31E814A-6FDF-4C7D-BE4B-E0E7D8E9FE5E}</UniqueIdentifier>
          <Extensions>cpp;c;cc;cxx;def;odl;idl;hpj;bat;asm;asmx</Extensions>
    </Filter>
    <Filter Include="Header Files">
      <UniqueIdentifier>{ABD2937A-C2FB-44C1-AA36-F704CC90E467}</UniqueIdentifier>
          <Extensions>h;hh;hpp;hxx;hm;inl;inc;ipp;xsd</Extensions>
    </Filter>
    <Filter Include="Resource Files">
      <UniqueIdentifier>{B5CF2B3F-E811-4AAC-9393-33B8F6F48D3C}</UniqueIdentifier>
          <Extensions>rc;ico;cur;bmp;dlg;rc2;rct;bin;rgs;gif;jpg;jpeg;jpe;resx;tiff;tif;png;wav;mfcribbon-ms</Extensions>
    </Filter>
    <Filter Include="Header Files\MainFrame">
      <UniqueIdentifier>{1E76DDAF-FCBB-46D2-B9FE-85EC617327BB}</UniqueIdentifier>
    </Filter>
    <Filter Include="Source Files\MainFrame">
      <UniqueIdentifier>{1F8E685D-5FD4-46CA-BCDE-DD304EC1C67D}</UniqueIdentifier>
    </Filter>
    <Filter Include="Resource Files\res">
      <UniqueIdentifier>{FC992BD5-583B-4ACF-AD03-4BEB50034477}</UniqueIdentifier>
    </Filter>
    <Filter Include="Resource Files\res\images">
      <UniqueIdentifier>{E27993FA-C62C-4654-BDA5-DFB75DBF6A3A}</UniqueIdentifier>
    </Filter>
    <Filter Include="Resource Files\res\images\dark">
      <UniqueIdentifier>{E27993FA-C62C-4654-BDA5-DFB75DBF6A3A}</UniqueIdentifier>
    </Filter>
    <Filter Include="Resource Files\res\images\light">
      <UniqueIdentifier>{68844393-D69B-43ED-A0F7-5FB9071C090F}</UniqueIdentifier>
    </Filter>
  </ItemGroup>
  <ItemGroup>
    <None Include="res\dark.json">
      <Filter>Resource Files\res</Filter>
    </None>
    <None Include="res\en_locale.json">
      <Filter>Resource Files\res</Filter>
    </None>
    <None Include="res\light.json">
      <Filter>Resource Files\res</Filter>
    </None>
    <None Include="res\ru_locale.json">
      <Filter>Resource Files\res</Filter>
    </None>
  </ItemGroup>
  <ItemGroup>
    <Image Include="res\images\dark\account.png">
      <Filter>Resource Files\res\images\dark</Filter>
    </Image>
    <Image Include="res\images\dark\logo.png">
      <Filter>Resource Files\res\images\dark</Filter>
    </Image>
    <Image Include="res\images\dark\menu.png">
      <Filter>Resource Files\res\images\dark</Filter>
    </Image>
    <Image Include="res\images\light\account.png">
      <Filter>Resource Files\res\images\light</Filter>
    </Image>
    <Image Include="res\images\light\logo.png">
      <Filter>Resource Files\res\images\light</Filter>
    </Image>
    <Image Include="res\images\light\menu.png">
      <Filter>Resource Files\res\images\light</Filter>
    </Image>
    <Image Include="res\demo.ico">
      <Filter>Resource Files\res</Filter>
    </Image>
  </ItemGroup>
  <ItemGroup>
    <ClInclude Include="MainFrame\MainFrame.h">
      <Filter>Header Files\MainFrame</Filter>
    </ClInclude>
    <ClInclude Include="Resource.h">
      <Filter>Header Files</Filter>
    </ClInclude>
  </ItemGroup>
  <ItemGroup>
    <ClCompile Include="MainFrame\MainFrame.cpp">
      <Filter>Source Files\MainFrame</Filter>
    </ClCompile>
    <ClCompile Include="hw.cpp">
      <Filter>Source Files</Filter>
    </ClCompile>
  </ItemGroup>
  <ItemGroup>
    <ResourceCompile Include="hw.rc">
      <Filter>Resource Files</Filter>
    </ResourceCompile>
  </ItemGroup>
</Project>